
Microsoft Visual Studio Solution File, Format Version 12.00
# Visual Studio Version 17
VisualStudioVersion = 17.5.33530.505
MinimumVisualStudioVersion = 10.0.40219.1
Project("{9A19103F-16F7-4668-BE54-9A1E7A4F7556}") = "SymulowaneWyzarzanie", "SymulowaneWyzarzanie\SymulowaneWyzarzanie.csproj", "{6386C04B-7463-4FE2-B3FC-FC002984C8C4}"
EndProject
Project("{9A19103F-16F7-4668-BE54-9A1E7A4F7556}") = "Schedule", "Schedule\Schedule.csproj", "{BD354DE3-E69D-4CFB-A173-7DCF5D6C420A}"
EndProject
Project("{9A19103F-16F7-4668-BE54-9A1E7A4F7556}") = "InferNet1", "InferNet1\InferNet1.csproj", "{34FBFD1F-D729-4704-8985-1FE0883A2964}"
EndProject
Project("{9A19103F-16F7-4668-BE54-9A1E7A4F7556}") = "Matches", "Matches\Matches.csproj", "{BDC8FAEE-FD28-4D12-BD43-7A953037F52E}"
EndProject
Global
	GlobalSection(SolutionConfigurationPlatforms) = preSolution
		Debug|Any CPU = Debug|Any CPU
		Release|Any CPU = Release|Any CPU
	EndGlobalSection
	GlobalSection(ProjectConfigurationPlatforms) = postSolution
		{6386C04B-7463-4FE2-B3FC-FC002984C8C4}.Debug|Any CPU.ActiveCfg = Debug|Any CPU
		{6386C04B-7463-4FE2-B3FC-FC002984C8C4}.Debug|Any CPU.Build.0 = Debug|Any CPU
		{6386C04B-7463-4FE2-B3FC-FC002984C8C4}.Release|Any CPU.ActiveCfg = Release|Any CPU
		{6386C04B-7463-4FE2-B3FC-FC002984C8C4}.Release|Any CPU.Build.0 = Release|Any CPU
		{BD354DE3-E69D-4CFB-A173-7DCF5D6C420A}.Debug|Any CPU.ActiveCfg = Debug|Any CPU
		{BD354DE3-E69D-4CFB-A173-7DCF5D6C420A}.Debug|Any CPU.Build.0 = Debug|Any CPU
		{BD354DE3-E69D-4CFB-A173-7DCF5D6C420A}.Release|Any CPU.ActiveCfg = Release|Any CPU
		{BD354DE3-E69D-4CFB-A173-7DCF5D6C420A}.Release|Any CPU.Build.0 = Release|Any CPU
		{34FBFD1F-D729-4704-8985-1FE0883A2964}.Debug|Any CPU.ActiveCfg = Debug|Any CPU
		{34FBFD1F-D729-4704-8985-1FE0883A2964}.Debug|Any CPU.Build.0 = Debug|Any CPU
		{34FBFD1F-D729-4704-8985-1FE0883A2964}.Release|Any CPU.ActiveCfg = Release|Any CPU
		{34FBFD1F-D729-4704-8985-1FE0883A2964}.Release|Any CPU.Build.0 = Release|Any CPU
		{BDC8FAEE-FD28-4D12-BD43-7A953037F52E}.Debug|Any CPU.ActiveCfg = Debug|Any CPU
		{BDC8FAEE-FD28-4D12-BD43-7A953037F52E}.Debug|Any CPU.Build.0 = Debug|Any CPU
		{BDC8FAEE-FD28-4D12-BD43-7A953037F52E}.Release|Any CPU.ActiveCfg = Release|Any CPU
		{BDC8FAEE-FD28-4D12-BD43-7A953037F52E}.Release|Any CPU.Build.0 = Release|Any CPU
	EndGlobalSection
	GlobalSection(SolutionProperties) = preSolution
		HideSolutionNode = FALSE
	EndGlobalSection
	GlobalSection(ExtensibilityGlobals) = postSolution
		SolutionGuid = {16CA20D7-FAC5-4151-8F9E-80325C24987F}
	EndGlobalSection
EndGlobal
